{
    "version": 3,
    "terraform_version": "0.11.7",
    "serial": 2,
    "lineage": "b598c87a-426d-c99f-e4d0-84bb03f27a41",
    "modules": [
        {
            "path": [
                "root"
            ],
            "outputs": {},
            "resources": {
                "aws_instance.wb": {
                    "type": "aws_instance",
                    "depends_on": [
                        "aws_key_pair.default",
                        "aws_security_group.sgweb",
                        "aws_subnet.public-subnet"
                    ],
                    "primary": {
                        "id": "i-0350b068578c7e55b",
                        "attributes": {
                            "ami": "ami-67589505",
                            "associate_public_ip_address": "true",
                            "availability_zone": "ap-southeast-2a",
                            "cpu_core_count": "1",
                            "cpu_threads_per_core": "1",
                            "credit_specification.#": "1",
                            "credit_specification.0.cpu_credits": "standard",
                            "disable_api_termination": "false",
                            "ebs_block_device.#": "0",
                            "ebs_optimized": "false",
                            "ephemeral_block_device.#": "0",
                            "get_password_data": "false",
                            "iam_instance_profile": "",
                            "id": "i-0350b068578c7e55b",
                            "instance_state": "running",
                            "instance_type": "t1.micro",
                            "ipv6_addresses.#": "0",
                            "key_name": "vpctestkeypair",
                            "monitoring": "false",
                            "network_interface.#": "0",
                            "network_interface_id": "eni-099c8f5cf2bf06df1",
                            "password_data": "",
                            "placement_group": "",
                            "primary_network_interface_id": "eni-099c8f5cf2bf06df1",
                            "private_dns": "ip-10-0-1-189.ap-southeast-2.compute.internal",
                            "private_ip": "10.0.1.189",
                            "public_dns": "ec2-54-206-92-23.ap-southeast-2.compute.amazonaws.com",
                            "public_ip": "54.206.92.23",
                            "root_block_device.#": "1",
                            "root_block_device.0.delete_on_termination": "true",
                            "root_block_device.0.iops": "100",
                            "root_block_device.0.volume_id": "vol-0b125f7e63c8c724d",
                            "root_block_device.0.volume_size": "10",
                            "root_block_device.0.volume_type": "gp2",
                            "security_groups.#": "0",
                            "source_dest_check": "false",
                            "subnet_id": "subnet-04b672f6b1487c296",
                            "tags.%": "1",
                            "tags.Name": "webserver",
                            "tenancy": "default",
                            "user_data": "83c75c597a1f706aeb26e7457a8bbead600faa2c",
                            "volume_tags.%": "0",
                            "vpc_security_group_ids.#": "1",
                            "vpc_security_group_ids.3705578335": "sg-0ffec45bf34f6d567"
                        },
                        "meta": {
                            "e2bfb730-ecaa-11e6-8f88-34363bc7c4c0": {
                                "create": 600000000000,
                                "delete": 1200000000000,
                                "update": 600000000000
                            },
                            "schema_version": "1"
                        },
                        "tainted": false
                    },
                    "deposed": [],
                    "provider": "provider.aws"
                },
                "aws_internet_gateway.gw": {
                    "type": "aws_internet_gateway",
                    "depends_on": [
                        "aws_vpc.default"
                    ],
                    "primary": {
                        "id": "igw-0138a8e6abff3c0ba",
                        "attributes": {
                            "id": "igw-0138a8e6abff3c0ba",
                            "tags.%": "1",
                            "tags.Name": "VPC IGW",
                            "vpc_id": "vpc-004f7120a2e4579d3"
                        },
                        "meta": {},
                        "tainted": false
                    },
                    "deposed": [],
                    "provider": "provider.aws"
                },
                "aws_key_pair.default": {
                    "type": "aws_key_pair",
                    "depends_on": [],
                    "primary": {
                        "id": "vpctestkeypair",
                        "attributes": {
                            "fingerprint": "4b:02:b1:69:a1:5b:70:19:3d:f5:c0:64:06:59:dd:5b",
                            "id": "vpctestkeypair",
                            "key_name": "vpctestkeypair",
                            "public_key": "ssh-rsa AAAAB3NzaC1yc2EAAAADAQABAAABAQCpm+t24dbX7OMzaYjMahhijHj+Q0h3zF+wzh4Q86fwYQWZm0EcHEP/d5JmAPWASg1AjHYkhRU52zOKSnha89+KL9YOIfL2n2ff4vHgUTjt7k1Wq3w5jRYR+CbZoiguaEJMgBE20bE4LKCbcKc0AnqQO3b+H27asp/1qGEkJD3CQ7E02Iu4kt/LNbMqOv7GsyBlyfMXuYtuBfa86u8CCxkkpvnLUX6Odrqx33GSpcmsNDafaBsUmNOpJ6dpwuXFN1nqoDHx+txQGBuZQWmCZKBflVDifmafzr73PQ26V42BIkrpkpxxIkoLVnSWPiHSzzQv02kvYwpVRurMd8awAPbr saupathak@USBLRSAUPATHAMB"
                        },
                        "meta": {
                            "schema_version": "1"
                        },
                        "tainted": false
                    },
                    "deposed": [],
                    "provider": "provider.aws"
                },
                "aws_route_table.web-public-rt": {
                    "type": "aws_route_table",
                    "depends_on": [
                        "aws_internet_gateway.gw",
                        "aws_vpc.default"
                    ],
                    "primary": {
                        "id": "rtb-00a0dd7994ae2cac8",
                        "attributes": {
                            "id": "rtb-00a0dd7994ae2cac8",
                            "propagating_vgws.#": "0",
                            "route.#": "1",
                            "route.680802295.cidr_block": "0.0.0.0/0",
                            "route.680802295.egress_only_gateway_id": "",
                            "route.680802295.gateway_id": "igw-0138a8e6abff3c0ba",
                            "route.680802295.instance_id": "",
                            "route.680802295.ipv6_cidr_block": "",
                            "route.680802295.nat_gateway_id": "",
                            "route.680802295.network_interface_id": "",
                            "route.680802295.vpc_peering_connection_id": "",
                            "tags.%": "1",
                            "tags.Name": "Public Subnet RT",
                            "vpc_id": "vpc-004f7120a2e4579d3"
                        },
                        "meta": {},
                        "tainted": false
                    },
                    "deposed": [],
                    "provider": "provider.aws"
                },
                "aws_route_table_association.web-public-rt": {
                    "type": "aws_route_table_association",
                    "depends_on": [
                        "aws_route_table.web-public-rt",
                        "aws_subnet.public-subnet"
                    ],
                    "primary": {
                        "id": "rtbassoc-0d7b8630f3e39bbc7",
                        "attributes": {
                            "id": "rtbassoc-0d7b8630f3e39bbc7",
                            "route_table_id": "rtb-00a0dd7994ae2cac8",
                            "subnet_id": "subnet-04b672f6b1487c296"
                        },
                        "meta": {},
                        "tainted": false
                    },
                    "deposed": [],
                    "provider": "provider.aws"
                },
                "aws_security_group.sgdb": {
                    "type": "aws_security_group",
                    "depends_on": [
                        "aws_vpc.default"
                    ],
                    "primary": {
                        "id": "sg-060bac096ec419ad0",
                        "attributes": {
                            "arn": "arn:aws:ec2:ap-southeast-2:338201547009:security-group/sg-060bac096ec419ad0",
                            "description": "Allow traffic from public subnet",
                            "egress.#": "1",
                            "egress.1246937736.cidr_blocks.#": "1",
                            "egress.1246937736.cidr_blocks.0": "0.0.0.0/0",
                            "egress.1246937736.description": "Allow access everywhere",
                            "egress.1246937736.from_port": "0",
                            "egress.1246937736.ipv6_cidr_blocks.#": "0",
                            "egress.1246937736.prefix_list_ids.#": "0",
                            "egress.1246937736.protocol": "-1",
                            "egress.1246937736.security_groups.#": "0",
                            "egress.1246937736.self": "false",
                            "egress.1246937736.to_port": "0",
                            "id": "sg-060bac096ec419ad0",
                            "ingress.#": "3",
                            "ingress.2582209309.cidr_blocks.#": "1",
                            "ingress.2582209309.cidr_blocks.0": "10.0.1.0/24",
                            "ingress.2582209309.description": "",
                            "ingress.2582209309.from_port": "-1",
                            "ingress.2582209309.ipv6_cidr_blocks.#": "0",
                            "ingress.2582209309.protocol": "icmp",
                            "ingress.2582209309.security_groups.#": "0",
                            "ingress.2582209309.self": "false",
                            "ingress.2582209309.to_port": "-1",
                            "ingress.2709622021.cidr_blocks.#": "1",
                            "ingress.2709622021.cidr_blocks.0": "10.0.1.0/24",
                            "ingress.2709622021.description": "",
                            "ingress.2709622021.from_port": "22",
                            "ingress.2709622021.ipv6_cidr_blocks.#": "0",
                            "ingress.2709622021.protocol": "tcp",
                            "ingress.2709622021.security_groups.#": "0",
                            "ingress.2709622021.self": "false",
                            "ingress.2709622021.to_port": "22",
                            "ingress.957905739.cidr_blocks.#": "1",
                            "ingress.957905739.cidr_blocks.0": "10.0.1.0/24",
                            "ingress.957905739.description": "",
                            "ingress.957905739.from_port": "3306",
                            "ingress.957905739.ipv6_cidr_blocks.#": "0",
                            "ingress.957905739.protocol": "tcp",
                            "ingress.957905739.security_groups.#": "0",
                            "ingress.957905739.self": "false",
                            "ingress.957905739.to_port": "3306",
                            "name": "sg_test_web",
                            "owner_id": "338201547009",
                            "revoke_rules_on_delete": "false",
                            "tags.%": "1",
                            "tags.Name": "DB SG",
                            "vpc_id": "vpc-004f7120a2e4579d3"
                        },
                        "meta": {
                            "e2bfb730-ecaa-11e6-8f88-34363bc7c4c0": {
                                "create": 600000000000,
                                "delete": 600000000000
                            },
                            "schema_version": "1"
                        },
                        "tainted": false
                    },
                    "deposed": [],
                    "provider": "provider.aws"
                },
                "aws_security_group.sgweb": {
                    "type": "aws_security_group",
                    "depends_on": [
                        "aws_vpc.default"
                    ],
                    "primary": {
                        "id": "sg-0ffec45bf34f6d567",
                        "attributes": {
                            "arn": "arn:aws:ec2:ap-southeast-2:338201547009:security-group/sg-0ffec45bf34f6d567",
                            "description": "Allow incoming HTTP connections \u0026 SSH access",
                            "egress.#": "1",
                            "egress.1246937736.cidr_blocks.#": "1",
                            "egress.1246937736.cidr_blocks.0": "0.0.0.0/0",
                            "egress.1246937736.description": "Allow access everywhere",
                            "egress.1246937736.from_port": "0",
                            "egress.1246937736.ipv6_cidr_blocks.#": "0",
                            "egress.1246937736.prefix_list_ids.#": "0",
                            "egress.1246937736.protocol": "-1",
                            "egress.1246937736.security_groups.#": "0",
                            "egress.1246937736.self": "false",
                            "egress.1246937736.to_port": "0",
                            "id": "sg-0ffec45bf34f6d567",
                            "ingress.#": "4",
                            "ingress.1799340084.cidr_blocks.#": "1",
                            "ingress.1799340084.cidr_blocks.0": "0.0.0.0/0",
                            "ingress.1799340084.description": "",
                            "ingress.1799340084.from_port": "-1",
                            "ingress.1799340084.ipv6_cidr_blocks.#": "0",
                            "ingress.1799340084.protocol": "icmp",
                            "ingress.1799340084.security_groups.#": "0",
                            "ingress.1799340084.self": "false",
                            "ingress.1799340084.to_port": "-1",
                            "ingress.2214680975.cidr_blocks.#": "1",
                            "ingress.2214680975.cidr_blocks.0": "0.0.0.0/0",
                            "ingress.2214680975.description": "",
                            "ingress.2214680975.from_port": "80",
                            "ingress.2214680975.ipv6_cidr_blocks.#": "0",
                            "ingress.2214680975.protocol": "tcp",
                            "ingress.2214680975.security_groups.#": "0",
                            "ingress.2214680975.self": "false",
                            "ingress.2214680975.to_port": "80",
                            "ingress.2541437006.cidr_blocks.#": "1",
                            "ingress.2541437006.cidr_blocks.0": "0.0.0.0/0",
                            "ingress.2541437006.description": "",
                            "ingress.2541437006.from_port": "22",
                            "ingress.2541437006.ipv6_cidr_blocks.#": "0",
                            "ingress.2541437006.protocol": "tcp",
                            "ingress.2541437006.security_groups.#": "0",
                            "ingress.2541437006.self": "false",
                            "ingress.2541437006.to_port": "22",
                            "ingress.2617001939.cidr_blocks.#": "1",
                            "ingress.2617001939.cidr_blocks.0": "0.0.0.0/0",
                            "ingress.2617001939.description": "",
                            "ingress.2617001939.from_port": "443",
                            "ingress.2617001939.ipv6_cidr_blocks.#": "0",
                            "ingress.2617001939.protocol": "tcp",
                            "ingress.2617001939.security_groups.#": "0",
                            "ingress.2617001939.self": "false",
                            "ingress.2617001939.to_port": "443",
                            "name": "vpc_test_web",
                            "owner_id": "338201547009",
                            "revoke_rules_on_delete": "false",
                            "tags.%": "1",
                            "tags.Name": "Web Server SG",
                            "vpc_id": "vpc-004f7120a2e4579d3"
                        },
                        "meta": {
                            "e2bfb730-ecaa-11e6-8f88-34363bc7c4c0": {
                                "create": 600000000000,
                                "delete": 600000000000
                            },
                            "schema_version": "1"
                        },
                        "tainted": false
                    },
                    "deposed": [],
                    "provider": "provider.aws"
                },
                "aws_subnet.private-subnet": {
                    "type": "aws_subnet",
                    "depends_on": [
                        "aws_vpc.default",
                        "data.aws_availability_zones.available"
                    ],
                    "primary": {
                        "id": "subnet-0766440dcd5e6e4b9",
                        "attributes": {
                            "assign_ipv6_address_on_creation": "false",
                            "availability_zone": "ap-southeast-2b",
                            "cidr_block": "10.0.2.0/24",
                            "id": "subnet-0766440dcd5e6e4b9",
                            "map_public_ip_on_launch": "false",
                            "tags.%": "1",
                            "tags.Name": "Database Private Subnet",
                            "vpc_id": "vpc-004f7120a2e4579d3"
                        },
                        "meta": {
                            "schema_version": "1"
                        },
                        "tainted": false
                    },
                    "deposed": [],
                    "provider": "provider.aws"
                },
                "aws_subnet.public-subnet": {
                    "type": "aws_subnet",
                    "depends_on": [
                        "aws_vpc.default",
                        "data.aws_availability_zones.available"
                    ],
                    "primary": {
                        "id": "subnet-04b672f6b1487c296",
                        "attributes": {
                            "assign_ipv6_address_on_creation": "false",
                            "availability_zone": "ap-southeast-2a",
                            "cidr_block": "10.0.1.0/24",
                            "id": "subnet-04b672f6b1487c296",
                            "map_public_ip_on_launch": "false",
                            "tags.%": "1",
                            "tags.Name": "Web Public Subnet",
                            "vpc_id": "vpc-004f7120a2e4579d3"
                        },
                        "meta": {
                            "schema_version": "1"
                        },
                        "tainted": false
                    },
                    "deposed": [],
                    "provider": "provider.aws"
                },
                "aws_vpc.default": {
                    "type": "aws_vpc",
                    "depends_on": [],
                    "primary": {
                        "id": "vpc-004f7120a2e4579d3",
                        "attributes": {
                            "arn": "arn:aws:ec2:ap-southeast-2:338201547009:vpc/vpc-004f7120a2e4579d3",
                            "assign_generated_ipv6_cidr_block": "false",
                            "cidr_block": "10.0.0.0/16",
                            "default_network_acl_id": "acl-0bc016a4b0d9a098c",
                            "default_route_table_id": "rtb-00ce7f409d35aa81b",
                            "default_security_group_id": "sg-08bee680e1b82de03",
                            "dhcp_options_id": "dopt-d25931b5",
                            "enable_classiclink": "false",
                            "enable_classiclink_dns_support": "false",
                            "enable_dns_hostnames": "true",
                            "enable_dns_support": "true",
                            "id": "vpc-004f7120a2e4579d3",
                            "instance_tenancy": "default",
                            "main_route_table_id": "rtb-00ce7f409d35aa81b",
                            "tags.%": "1",
                            "tags.Name": "test-vpc.dev"
                        },
                        "meta": {
                            "schema_version": "1"
                        },
                        "tainted": false
                    },
                    "deposed": [],
                    "provider": "provider.aws"
                },
                "data.aws_availability_zones.available": {
                    "type": "aws_availability_zones",
                    "depends_on": [],
                    "primary": {
                        "id": "2018-08-05 05:43:45.880399 +0000 UTC",
                        "attributes": {
                            "id": "2018-08-05 05:43:45.880399 +0000 UTC",
                            "names.#": "3",
                            "names.0": "ap-southeast-2a",
                            "names.1": "ap-southeast-2b",
                            "names.2": "ap-southeast-2c"
                        },
                        "meta": {},
                        "tainted": false
                    },
                    "deposed": [],
                    "provider": "provider.aws"
                }
            },
            "depends_on": []
        }
    ]
}
